{
  "object": {
    "pins": [
      {
        "package": "Alamofire",
        "repositoryURL": "https://github.com/Alamofire/Alamofire.git",
        "state": {
          "branch": "master",
          "revision": "bf689d61ba0745920ea9f07fa39d15baa47af1b2",
          "version": null
        }
      }
    ]
  },
  "version": 1
}
